
Microsoft Visual Studio Solution File, Format Version 12.00
# Visual Studio Version 17
VisualStudioVersion = 17.13.35931.197 d17.13
MinimumVisualStudioVersion = 10.0.40219.1
Project("{FAE04EC0-301F-11D3-BF4B-00C04F79EFBC}") = "Bookingweb", "Bookingweb.csproj", "{17273E86-BA39-43C1-A749-9A43331B85B1}"
EndProject
Global
	GlobalSection(SolutionConfigurationPlatforms) = preSolution
		Debug|Any CPU = Debug|Any CPU
		Release|Any CPU = Release|Any CPU
	EndGlobalSection
	GlobalSection(ProjectConfigurationPlatforms) = postSolution
		{17273E86-BA39-43C1-A749-9A43331B85B1}.Debug|Any CPU.ActiveCfg = Debug|Any CPU
		{17273E86-BA39-43C1-A749-9A43331B85B1}.Debug|Any CPU.Build.0 = Debug|Any CPU
		{17273E86-BA39-43C1-A749-9A43331B85B1}.Release|Any CPU.ActiveCfg = Release|Any CPU
		{17273E86-BA39-43C1-A749-9A43331B85B1}.Release|Any CPU.Build.0 = Release|Any CPU
	EndGlobalSection
	GlobalSection(SolutionProperties) = preSolution
		HideSolutionNode = FALSE
	EndGlobalSection
	GlobalSection(ExtensibilityGlobals) = postSolution
		SolutionGuid = {0621AD5A-8880-4BCC-9D01-A6D6C766B478}
	EndGlobalSection
EndGlobal
